// !$*UTF8*$!
{
	archiveVersion = 1;
	classes = {
	};
	objectVersion = 55;
	objects = {

/* Begin PBXBuildFile section */
		841F8A0727CA052300FE33A7 /* AppDelegate.swift in Sources */ = {isa = PBXBuildFile; fileRef = 841F8A0627CA052300FE33A7 /* AppDelegate.swift */; };
		841F8A0927CA052300FE33A7 /* SceneDelegate.swift in Sources */ = {isa = PBXBuildFile; fileRef = 841F8A0827CA052300FE33A7 /* SceneDelegate.swift */; };
		841F8A0B27CA052300FE33A7 /* ViewController.swift in Sources */ = {isa = PBXBuildFile; fileRef = 841F8A0A27CA052300FE33A7 /* ViewController.swift */; };
		841F8A0E27CA052300FE33A7 /* Main.storyboard in Resources */ = {isa = PBXBuildFile; fileRef = 841F8A0C27CA052300FE33A7 /* Main.storyboard */; };
		841F8A1027CA052400FE33A7 /* Assets.xcassets in Resources */ = {isa = PBXBuildFile; fileRef = 841F8A0F27CA052400FE33A7 /* Assets.xcassets */; };
		841F8A1327CA052400FE33A7 /* LaunchScreen.storyboard in Resources */ = {isa = PBXBuildFile; fileRef = 841F8A1127CA052400FE33A7 /* LaunchScreen.storyboard */; };
		841F8A1B27CA24F400FE33A7 /* CategoryBuilder.swift in Sources */ = {isa = PBXBuildFile; fileRef = 841F8A1A27CA24F400FE33A7 /* CategoryBuilder.swift */; };
		841F8A1D27CA262900FE33A7 /* CategoryItem.swift in Sources */ = {isa = PBXBuildFile; fileRef = 841F8A1C27CA262900FE33A7 /* CategoryItem.swift */; };
/* End PBXBuildFile section */

/* Begin PBXFileReference section */
		841F8A0327CA052300FE33A7 /* MultiCollapsableCells.app */ = {isa = PBXFileReference; explicitFileType = wrapper.application; includeInIndex = 0; path = MultiCollapsableCells.app; sourceTree = BUILT_PRODUCTS_DIR; };
		841F8A0627CA052300FE33A7 /* AppDelegate.swift */ = {isa = PBXFileReference; lastKnownFileType = sourcecode.swift; path = AppDelegate.swift; sourceTree = "<group>"; };
		841F8A0827CA052300FE33A7 /* SceneDelegate.swift */ = {isa = PBXFileReference; lastKnownFileType = sourcecode.swift; path = SceneDelegate.swift; sourceTree = "<group>"; };
		841F8A0A27CA052300FE33A7 /* ViewController.swift */ = {isa = PBXFileReference; lastKnownFileType = sourcecode.swift; path = ViewController.swift; sourceTree = "<group>"; };
		841F8A0D27CA052300FE33A7 /* Base */ = {isa = PBXFileReference; lastKnownFileType = file.storyboard; name = Base; path = Base.lproj/Main.storyboard; sourceTree = "<group>"; };
		841F8A0F27CA052400FE33A7 /* Assets.xcassets */ = {isa = PBXFileReference; lastKnownFileType = folder.assetcatalog; path = Assets.xcassets; sourceTree = "<group>"; };
		841F8A1227CA052400FE33A7 /* Base */ = {isa = PBXFileReference; lastKnownFileType = file.storyboard; name = Base; path = Base.lproj/LaunchScreen.storyboard; sourceTree = "<group>"; };
		841F8A1427CA052400FE33A7 /* Info.plist */ = {isa = PBXFileReference; lastKnownFileType = text.plist.xml; path = Info.plist; sourceTree = "<group>"; };
		841F8A1A27CA24F400FE33A7 /* CategoryBuilder.swift */ = {isa = PBXFileReference; lastKnownFileType = sourcecode.swift; path = CategoryBuilder.swift; sourceTree = "<group>"; };
		841F8A1C27CA262900FE33A7 /* CategoryItem.swift */ = {isa = PBXFileReference; lastKnownFileType = sourcecode.swift; path = CategoryItem.swift; sourceTree = "<group>"; };
/* End PBXFileReference section */

/* Begin PBXFrameworksBuildPhase section */
		841F8A0027CA052300FE33A7 /* Frameworks */ = {
			isa = PBXFrameworksBuildPhase;
			buildActionMask = 2147483647;
			files = (
			);
			runOnlyForDeploymentPostprocessing = 0;
		};
/* End PBXFrameworksBuildPhase section */

/* Begin PBXGroup section */
		841F89FA27CA052300FE33A7 = {
			isa = PBXGroup;
			children = (
				841F8A0527CA052300FE33A7 /* MultiCollapsableCells */,
				841F8A0427CA052300FE33A7 /* Products */,
			);
			sourceTree = "<group>";
		};
		841F8A0427CA052300FE33A7 /* Products */ = {
			isa = PBXGroup;
			children = (
				841F8A0327CA052300FE33A7 /* MultiCollapsableCells.app */,
			);
			name = Products;
			sourceTree = "<group>";
		};
		841F8A0527CA052300FE33A7 /* MultiCollapsableCells */ = {
			isa = PBXGroup;
			children = (
				841F8A0627CA052300FE33A7 /* AppDelegate.swift */,
				841F8A0827CA052300FE33A7 /* SceneDelegate.swift */,
				841F8A0A27CA052300FE33A7 /* ViewController.swift */,
				841F8A1C27CA262900FE33A7 /* CategoryItem.swift */,
				841F8A1A27CA24F400FE33A7 /* CategoryBuilder.swift */,
				841F8A0C27CA052300FE33A7 /* Main.storyboard */,
				841F8A0F27CA052400FE33A7 /* Assets.xcassets */,
				841F8A1127CA052400FE33A7 /* LaunchScreen.storyboard */,
				841F8A1427CA052400FE33A7 /* Info.plist */,
			);
			path = MultiCollapsableCells;
			sourceTree = "<group>";
		};
/* End PBXGroup section */

/* Begin PBXNativeTarget section */
		841F8A0227CA052300FE33A7 /* MultiCollapsableCells */ = {
			isa = PBXNativeTarget;
			buildConfigurationList = 841F8A1727CA052400FE33A7 /* Build configuration list for PBXNativeTarget "MultiCollapsableCells" */;
			buildPhases = (
				841F89FF27CA052300FE33A7 /* Sources */,
				841F8A0027CA052300FE33A7 /* Frameworks */,
				841F8A0127CA052300FE33A7 /* Resources */,
			);
			buildRules = (
			);
			dependencies = (
			);
			name = MultiCollapsableCells;
			productName = MultiCollapsableCells;
			productReference = 841F8A0327CA052300FE33A7 /* MultiCollapsableCells.app */;
			productType = "com.apple.product-type.application";
		};
/* End PBXNativeTarget section */

/* Begin PBXProject section */
		841F89FB27CA052300FE33A7 /* Project object */ = {
			isa = PBXProject;
			attributes = {
				BuildIndependentTargetsInParallel = 1;
				LastSwiftUpdateCheck = 1320;
				LastUpgradeCheck = 1320;
				TargetAttributes = {
					841F8A0227CA052300FE33A7 = {
						CreatedOnToolsVersion = 13.2.1;
					};
				};
			};
			buildConfigurationList = 841F89FE27CA052300FE33A7 /* Build configuration list for PBXProject "MultiCollapsableCells" */;
			compatibilityVersion = "Xcode 13.0";
			developmentRegion = en;
			hasScannedForEncodings = 0;
			knownRegions = (
				en,
				Base,
			);
			mainGroup = 841F89FA27CA052300FE33A7;
			productRefGroup = 841F8A0427CA052300FE33A7 /* Products */;
			projectDirPath = "";
			projectRoot = "";
			targets = (
				841F8A0227CA052300FE33A7 /* MultiCollapsableCells */,
			);
		};
/* End PBXProject section */

/* Begin PBXResourcesBuildPhase section */
		841F8A0127CA052300FE33A7 /* Resources */ = {
			isa = PBXResourcesBuildPhase;
			buildActionMask = 2147483647;
			files = (
				841F8A1327CA052400FE33A7 /* LaunchScreen.storyboard in Resources */,
				841F8A1027CA052400FE33A7 /* Assets.xcassets in Resources */,
				841F8A0E27CA052300FE33A7 /* Main.storyboard in Resources */,
			);
			runOnlyForDeploymentPostprocessing = 0;
		};
/* End PBXResourcesBuildPhase section */

/* Begin PBXSourcesBuildPhase section */
		841F89FF27CA052300FE33A7 /* Sources */ = {
			isa = PBXSourcesBuildPhase;
			buildActionMask = 2147483647;
			files = (
				841F8A0B27CA052300FE33A7 /* ViewController.swift in Sources */,
				841F8A1B27CA24F400FE33A7 /* CategoryBuilder.swift in Sources */,
				841F8A0727CA052300FE33A7 /* AppDelegate.swift in Sources */,
				841F8A1D27CA262900FE33A7 /* CategoryItem.swift in Sources */,
				841F8A0927CA052300FE33A7 /* SceneDelegate.swift in Sources */,
			);
			runOnlyForDeploymentPostprocessing = 0;
		};
/* End PBXSourcesBuildPhase section */

/* Begin PBXVariantGroup section */
		841F8A0C27CA052300FE33A7 /* Main.storyboard */ = {
			isa = PBXVariantGroup;
			children = (
				841F8A0D27CA052300FE33A7 /* Base */,
			);
			name = Main.storyboard;
			sourceTree = "<group>";
		};
		841F8A1127CA052400FE33A7 /* LaunchScreen.storyboard */ = {
			isa = PBXVariantGroup;
			children = (
				841F8A1227CA052400FE33A7 /* Base */,
			);
			name = LaunchScreen.storyboard;
			sourceTree = "<group>";
		};
/* End PBXVariantGroup section */

/* Begin XCBuildConfiguration section */
		841F8A1527CA052400FE33A7 /* Debug */ = {
			isa = XCBuildConfiguration;
			buildSettings = {
				ALWAYS_SEARCH_USER_PATHS = NO;
				CLANG_ANALYZER_NONNULL = YES;
				CLANG_ANALYZER_NUMBER_OBJECT_CONVERSION = YES_AGGRESSIVE;
				CLANG_CXX_LANGUAGE_STANDARD = "gnu++17";
				CLANG_CXX_LIBRARY = "libc++";
				CLANG_ENABLE_MODULES = YES;
				CLANG_ENABLE_OBJC_ARC = YES;
				CLANG_ENABLE_OBJC_WEAK = YES;
				CLANG_WARN_BLOCK_CAPTURE_AUTORELEASING = YES;
				CLANG_WARN_BOOL_CONVERSION = YES;
				CLANG_WARN_COMMA = YES;
				CLANG_WARN_CONSTANT_CONVERSION = YES;
				CLANG_WARN_DEPRECATED_OBJC_IMPLEMENTATIONS = YES;
				CLANG_WARN_DIRECT_OBJC_ISA_USAGE = YES_ERROR;
				CLANG_WARN_DOCUMENTATION_COMMENTS = YES;
				CLANG_WARN_EMPTY_BODY = YES;
				CLANG_WARN_ENUM_CONVERSION = YES;
				CLANG_WARN_INFINITE_RECURSION = YES;
				CLANG_WARN_INT_CONVERSION = YES;
				CLANG_WARN_NON_LITERAL_NULL_CONVERSION = YES;
				CLANG_WARN_OBJC_IMPLICIT_RETAIN_SELF = YES;
				CLANG_WARN_OBJC_LITERAL_CONVERSION = YES;
				CLANG_WARN_OBJC_ROOT_CLASS = YES_ERROR;
				CLANG_WARN_QUOTED_INCLUDE_IN_FRAMEWORK_HEADER = YES;
				CLANG_WARN_RANGE_LOOP_ANALYSIS = YES;
				CLANG_WARN_STRICT_PROTOTYPES = YES;
				CLANG_WARN_SUSPICIOUS_MOVE = YES;
				CLANG_WARN_UNGUARDED_AVAILABILITY = YES_AGGRESSIVE;
				CLANG_WARN_UNREACHABLE_CODE = YES;
				CLANG_WARN__DUPLICATE_METHOD_MATCH = YES;
				COPY_PHASE_STRIP = NO;
				DEBUG_INFORMATION_FORMAT = dwarf;
				ENABLE_STRICT_OBJC_MSGSEND = YES;
				ENABLE_TESTABILITY = YES;
				GCC_C_LANGUAGE_STANDARD = gnu11;
				GCC_DYNAMIC_NO_PIC = NO;
				GCC_NO_COMMON_BLOCKS = YES;
				GCC_OPTIMIZATION_LEVEL = 0;
				GCC_PREPROCESSOR_DEFINITIONS = (
					"DEBUG=1",
					"$(inherited)",
				);
				GCC_WARN_64_TO_32_BIT_CONVERSION = YES;
				GCC_WARN_ABOUT_RETURN_TYPE = YES_ERROR;
				GCC_WARN_UNDECLARED_SELECTOR = YES;
				GCC_WARN_UNINITIALIZED_AUTOS = YES_AGGRESSIVE;
				GCC_WARN_UNUSED_FUNCTION = YES;
				GCC_WARN_UNUSED_VARIABLE = YES;
				IPHONEOS_DEPLOYMENT_TARGET = 15.2;
				MTL_ENABLE_DEBUG_INFO = INCLUDE_SOURCE;
				MTL_FAST_MATH = YES;
				ONLY_ACTIVE_ARCH = YES;
				SDKROOT = iphoneos;
				SWIFT_ACTIVE_COMPILATION_CONDITIONS = DEBUG;
				SWIFT_OPTIMIZATION_LEVEL = "-Onone";
			};
			name = Debug;
		};
		841F8A1627CA052400FE33A7 /* Release */ = {
			isa = XCBuildConfiguration;
			buildSettings = {
				ALWAYS_SEARCH_USER_PATHS = NO;
				CLANG_ANALYZER_NONNULL = YES;
				CLANG_ANALYZER_NUMBER_OBJECT_CONVERSION = YES_AGGRESSIVE;
				CLANG_CXX_LANGUAGE_STANDARD = "gnu++17";
				CLANG_CXX_LIBRARY = "libc++";
				CLANG_ENABLE_MODULES = YES;
				CLANG_ENABLE_OBJC_ARC = YES;
				CLANG_ENABLE_OBJC_WEAK = YES;
				CLANG_WARN_BLOCK_CAPTURE_AUTORELEASING = YES;
				CLANG_WARN_BOOL_CONVERSION = YES;
				CLANG_WARN_COMMA = YES;
				CLANG_WARN_CONSTANT_CONVERSION = YES;
				CLANG_WARN_DEPRECATED_OBJC_IMPLEMENTATIONS = YES;
				CLANG_WARN_DIRECT_OBJC_ISA_USAGE = YES_ERROR;
				CLANG_WARN_DOCUMENTATION_COMMENTS = YES;
				CLANG_WARN_EMPTY_BODY = YES;
				CLANG_WARN_ENUM_CONVERSION = YES;
				CLANG_WARN_INFINITE_RECURSION = YES;
				CLANG_WARN_INT_CONVERSION = YES;
				CLANG_WARN_NON_LITERAL_NULL_CONVERSION = YES;
				CLANG_WARN_OBJC_IMPLICIT_RETAIN_SELF = YES;
				CLANG_WARN_OBJC_LITERAL_CONVERSION = YES;
				CLANG_WARN_OBJC_ROOT_CLASS = YES_ERROR;
				CLANG_WARN_QUOTED_INCLUDE_IN_FRAMEWORK_HEADER = YES;
				CLANG_WARN_RANGE_LOOP_ANALYSIS = YES;
				CLANG_WARN_STRICT_PROTOTYPES = YES;
				CLANG_WARN_SUSPICIOUS_MOVE = YES;
				CLANG_WARN_UNGUARDED_AVAILABILITY = YES_AGGRESSIVE;
				CLANG_WARN_UNREACHABLE_CODE = YES;
				CLANG_WARN__DUPLICATE_METHOD_MATCH = YES;
				COPY_PHASE_STRIP = NO;
				DEBUG_INFORMATION_FORMAT = "dwarf-with-dsym";
				ENABLE_NS_ASSERTIONS = NO;
				ENABLE_STRICT_OBJC_MSGSEND = YES;
				GCC_C_LANGUAGE_STANDARD = gnu11;
				GCC_NO_COMMON_BLOCKS = YES;
				GCC_WARN_64_TO_32_BIT_CONVERSION = YES;
				GCC_WARN_ABOUT_RETURN_TYPE = YES_ERROR;
				GCC_WARN_UNDECLARED_SELECTOR = YES;
				GCC_WARN_UNINITIALIZED_AUTOS = YES_AGGRESSIVE;
				GCC_WARN_UNUSED_FUNCTION = YES;
				GCC_WARN_UNUSED_VARIABLE = YES;
				IPHONEOS_DEPLOYMENT_TARGET = 15.2;
				MTL_ENABLE_DEBUG_INFO = NO;
				MTL_FAST_MATH = YES;
				SDKROOT = iphoneos;
				SWIFT_COMPILATION_MODE = wholemodule;
				SWIFT_OPTIMIZATION_LEVEL = "-O";
				VALIDATE_PRODUCT = YES;
			};
			name = Release;
		};
		841F8A1827CA052400FE33A7 /* Debug */ = {
			isa = XCBuildConfiguration;
			buildSettings = {
				ASSETCATALOG_COMPILER_APPICON_NAME = AppIcon;
				ASSETCATALOG_COMPILER_GLOBAL_ACCENT_COLOR_NAME = AccentColor;
				CODE_SIGN_STYLE = Automatic;
				CURRENT_PROJECT_VERSION = 1;
				DEVELOPMENT_TEAM = YY3Z627ACC;
				GENERATE_INFOPLIST_FILE = YES;
				INFOPLIST_FILE = MultiCollapsableCells/Info.plist;
				INFOPLIST_KEY_UIApplicationSupportsIndirectInputEvents = YES;
				INFOPLIST_KEY_UILaunchStoryboardName = LaunchScreen;
				INFOPLIST_KEY_UIMainStoryboardFile = Main;
				INFOPLIST_KEY_UISupportedInterfaceOrientations_iPad = "UIInterfaceOrientationPortrait UIInterfaceOrientationPortraitUpsideDown UIInterfaceOrientationLandscapeLeft UIInterfaceOrientationLandscapeRight";
				INFOPLIST_KEY_UISupportedInterfaceOrientations_iPhone = "UIInterfaceOrientationPortrait UIInterfaceOrientationLandscapeLeft UIInterfaceOrientationLandscapeRight";
				LD_RUNPATH_SEARCH_PATHS = (
					"$(inherited)",
					"@executable_path/Frameworks",
				);
				MARKETING_VERSION = 1.0;
				PRODUCT_BUNDLE_IDENTIFIER = com.DavidGrigoryan.MultiCollapsableCells;
				PRODUCT_NAME = "$(TARGET_NAME)";
				SWIFT_EMIT_LOC_STRINGS = YES;
				SWIFT_VERSION = 5.0;
				TARGETED_DEVICE_FAMILY = "1,2";
			};
			name = Debug;
		};
		841F8A1927CA052400FE33A7 /* Release */ = {
			isa = XCBuildConfiguration;
			buildSettings = {
				ASSETCATALOG_COMPILER_APPICON_NAME = AppIcon;
				ASSETCATALOG_COMPILER_GLOBAL_ACCENT_COLOR_NAME = AccentColor;
				CODE_SIGN_STYLE = Automatic;
				CURRENT_PROJECT_VERSION = 1;
				DEVELOPMENT_TEAM = YY3Z627ACC;
				GENERATE_INFOPLIST_FILE = YES;
				INFOPLIST_FILE = MultiCollapsableCells/Info.plist;
				INFOPLIST_KEY_UIApplicationSupportsIndirectInputEvents = YES;
				INFOPLIST_KEY_UILaunchStoryboardName = LaunchScreen;
				INFOPLIST_KEY_UIMainStoryboardFile = Main;
				INFOPLIST_KEY_UISupportedInterfaceOrientations_iPad = "UIInterfaceOrientationPortrait UIInterfaceOrientationPortraitUpsideDown UIInterfaceOrientationLandscapeLeft UIInterfaceOrientationLandscapeRight";
				INFOPLIST_KEY_UISupportedInterfaceOrientations_iPhone = "UIInterfaceOrientationPortrait UIInterfaceOrientationLandscapeLeft UIInterfaceOrientationLandscapeRight";
				LD_RUNPATH_SEARCH_PATHS = (
					"$(inherited)",
					"@executable_path/Frameworks",
				);
				MARKETING_VERSION = 1.0;
				PRODUCT_BUNDLE_IDENTIFIER = com.DavidGrigoryan.MultiCollapsableCells;
				PRODUCT_NAME = "$(TARGET_NAME)";
				SWIFT_EMIT_LOC_STRINGS = YES;
				SWIFT_VERSION = 5.0;
				TARGETED_DEVICE_FAMILY = "1,2";
			};
			name = Release;
		};
/* End XCBuildConfiguration section */

/* Begin XCConfigurationList section */
		841F89FE27CA052300FE33A7 /* Build configuration list for PBXProject "MultiCollapsableCells" */ = {
			isa = XCConfigurationList;
			buildConfigurations = (
				841F8A1527CA052400FE33A7 /* Debug */,
				841F8A1627CA052400FE33A7 /* Release */,
			);
			defaultConfigurationIsVisible = 0;
			defaultConfigurationName = Release;
		};
		841F8A1727CA052400FE33A7 /* Build configuration list for PBXNativeTarget "MultiCollapsableCells" */ = {
			isa = XCConfigurationList;
			buildConfigurations = (
				841F8A1827CA052400FE33A7 /* Debug */,
				841F8A1927CA052400FE33A7 /* Release */,
			);
			defaultConfigurationIsVisible = 0;
			defaultConfigurationName = Release;
		};
/* End XCConfigurationList section */
	};
	rootObject = 841F89FB27CA052300FE33A7 /* Project object */;
}
